// !$*UTF8*$!
{
	archiveVersion = 1;
	classes = {
	};
	objectVersion = 46;
	objects = {

/* Begin PBXBuildFile section */
		6A51856A1BD07998004B757D /* AppDelegate.swift in Sources */ = {isa = PBXBuildFile; fileRef = 6A5185691BD07998004B757D /* AppDelegate.swift */; };
		6A51856C1BD07998004B757D /* ViewController.swift in Sources */ = {isa = PBXBuildFile; fileRef = 6A51856B1BD07998004B757D /* ViewController.swift */; };
		6A51856F1BD07998004B757D /* Main.storyboard in Resources */ = {isa = PBXBuildFile; fileRef = 6A51856D1BD07998004B757D /* Main.storyboard */; };
		6A5185711BD07998004B757D /* Images.xcassets in Resources */ = {isa = PBXBuildFile; fileRef = 6A5185701BD07998004B757D /* Images.xcassets */; };
		6A5185741BD07998004B757D /* LaunchScreen.xib in Resources */ = {isa = PBXBuildFile; fileRef = 6A5185721BD07998004B757D /* LaunchScreen.xib */; };
		6A5185801BD07998004B757D /* testTests.swift in Sources */ = {isa = PBXBuildFile; fileRef = 6A51857F1BD07998004B757D /* testTests.swift */; };
		6AD3E7621BD08AA40075956B /* MapKit.framework in Frameworks */ = {isa = PBXBuildFile; fileRef = 6AD3E7611BD08AA40075956B /* MapKit.framework */; };
/* End PBXBuildFile section */

/* Begin PBXContainerItemProxy section */
		6A51857A1BD07998004B757D /* PBXContainerItemProxy */ = {
			isa = PBXContainerItemProxy;
			containerPortal = 6A51855C1BD07998004B757D /* Project object */;
			proxyType = 1;
			remoteGlobalIDString = 6A5185631BD07998004B757D;
			remoteInfo = test;
		};
/* End PBXContainerItemProxy section */

/* Begin PBXFileReference section */
		6A5185641BD07998004B757D /* test.app */ = {isa = PBXFileReference; explicitFileType = wrapper.application; includeInIndex = 0; path = test.app; sourceTree = BUILT_PRODUCTS_DIR; };
		6A5185681BD07998004B757D /* Info.plist */ = {isa = PBXFileReference; lastKnownFileType = text.plist.xml; path = Info.plist; sourceTree = "<group>"; };
		6A5185691BD07998004B757D /* AppDelegate.swift */ = {isa = PBXFileReference; lastKnownFileType = sourcecode.swift; path = AppDelegate.swift; sourceTree = "<group>"; };
		6A51856B1BD07998004B757D /* ViewController.swift */ = {isa = PBXFileReference; lastKnownFileType = sourcecode.swift; path = ViewController.swift; sourceTree = "<group>"; };
		6A51856E1BD07998004B757D /* Base */ = {isa = PBXFileReference; lastKnownFileType = file.storyboard; name = Base; path = Base.lproj/Main.storyboard; sourceTree = "<group>"; };
		6A5185701BD07998004B757D /* Images.xcassets */ = {isa = PBXFileReference; lastKnownFileType = folder.assetcatalog; path = Images.xcassets; sourceTree = "<group>"; };
		6A5185731BD07998004B757D /* Base */ = {isa = PBXFileReference; lastKnownFileType = file.xib; name = Base; path = Base.lproj/LaunchScreen.xib; sourceTree = "<group>"; };
		6A5185791BD07998004B757D /* testTests.xctest */ = {isa = PBXFileReference; explicitFileType = wrapper.cfbundle; includeInIndex = 0; path = testTests.xctest; sourceTree = BUILT_PRODUCTS_DIR; };
		6A51857E1BD07998004B757D /* Info.plist */ = {isa = PBXFileReference; lastKnownFileType = text.plist.xml; path = Info.plist; sourceTree = "<group>"; };
		6A51857F1BD07998004B757D /* testTests.swift */ = {isa = PBXFileReference; lastKnownFileType = sourcecode.swift; path = testTests.swift; sourceTree = "<group>"; };
		6AD3E7611BD08AA40075956B /* MapKit.framework */ = {isa = PBXFileReference; lastKnownFileType = wrapper.framework; name = MapKit.framework; path = System/Library/Frameworks/MapKit.framework; sourceTree = SDKROOT; };
/* End PBXFileReference section */

/* Begin PBXFrameworksBuildPhase section */
		6A5185611BD07998004B757D /* Frameworks */ = {
			isa = PBXFrameworksBuildPhase;
			buildActionMask = 2147483647;
			files = (
				6AD3E7621BD08AA40075956B /* MapKit.framework in Frameworks */,
			);
			runOnlyForDeploymentPostprocessing = 0;
		};
		6A5185761BD07998004B757D /* Frameworks */ = {
			isa = PBXFrameworksBuildPhase;
			buildActionMask = 2147483647;
			files = (
			);
			runOnlyForDeploymentPostprocessing = 0;
		};
/* End PBXFrameworksBuildPhase section */

/* Begin PBXGroup section */
		6A51855B1BD07998004B757D = {
			isa = PBXGroup;
			children = (
				6AD3E7611BD08AA40075956B /* MapKit.framework */,
				6A5185661BD07998004B757D /* test */,
				6A51857C1BD07998004B757D /* testTests */,
				6A5185651BD07998004B757D /* Products */,
			);
			sourceTree = "<group>";
		};
		6A5185651BD07998004B757D /* Products */ = {
			isa = PBXGroup;
			children = (
				6A5185641BD07998004B757D /* test.app */,
				6A5185791BD07998004B757D /* testTests.xctest */,
			);
			name = Products;
			sourceTree = "<group>";
		};
		6A5185661BD07998004B757D /* test */ = {
			isa = PBXGroup;
			children = (
				6A5185691BD07998004B757D /* AppDelegate.swift */,
				6A51856B1BD07998004B757D /* ViewController.swift */,
				6A51856D1BD07998004B757D /* Main.storyboard */,
				6A5185701BD07998004B757D /* Images.xcassets */,
				6A5185721BD07998004B757D /* LaunchScreen.xib */,
				6A5185671BD07998004B757D /* Supporting Files */,
			);
			path = test;
			sourceTree = "<group>";
		};
		6A5185671BD07998004B757D /* Supporting Files */ = {
			isa = PBXGroup;
			children = (
				6A5185681BD07998004B757D /* Info.plist */,
			);
			name = "Supporting Files";
			sourceTree = "<group>";
		};
		6A51857C1BD07998004B757D /* testTests */ = {
			isa = PBXGroup;
			children = (
				6A51857F1BD07998004B757D /* testTests.swift */,
				6A51857D1BD07998004B757D /* Supporting Files */,
			);
			path = testTests;
			sourceTree = "<group>";
		};
		6A51857D1BD07998004B757D /* Supporting Files */ = {
			isa = PBXGroup;
			children = (
				6A51857E1BD07998004B757D /* Info.plist */,
			);
			name = "Supporting Files";
			sourceTree = "<group>";
		};
/* End PBXGroup section */

/* Begin PBXNativeTarget section */
		6A5185631BD07998004B757D /* test */ = {
			isa = PBXNativeTarget;
			buildConfigurationList = 6A5185831BD07998004B757D /* Build configuration list for PBXNativeTarget "test" */;
			buildPhases = (
				6A5185601BD07998004B757D /* Sources */,
				6A5185611BD07998004B757D /* Frameworks */,
				6A5185621BD07998004B757D /* Resources */,
			);
			buildRules = (
			);
			dependencies = (
			);
			name = test;
			productName = test;
			productReference = 6A5185641BD07998004B757D /* test.app */;
			productType = "com.apple.product-type.application";
		};
		6A5185781BD07998004B757D /* testTests */ = {
			isa = PBXNativeTarget;
			buildConfigurationList = 6A5185861BD07998004B757D /* Build configuration list for PBXNativeTarget "testTests" */;
			buildPhases = (
				6A5185751BD07998004B757D /* Sources */,
				6A5185761BD07998004B757D /* Frameworks */,
				6A5185771BD07998004B757D /* Resources */,
			);
			buildRules = (
			);
			dependencies = (
				6A51857B1BD07998004B757D /* PBXTargetDependency */,
			);
			name = testTests;
			productName = testTests;
			productReference = 6A5185791BD07998004B757D /* testTests.xctest */;
			productType = "com.apple.product-type.bundle.unit-test";
		};
/* End PBXNativeTarget section */

/* Begin PBXProject section */
		6A51855C1BD07998004B757D /* Project object */ = {
			isa = PBXProject;
			attributes = {
				LastUpgradeCheck = 0640;
				ORGANIZATIONNAME = "Yiying Yang";
				TargetAttributes = {
					6A5185631BD07998004B757D = {
						CreatedOnToolsVersion = 6.4;
					};
					6A5185781BD07998004B757D = {
						CreatedOnToolsVersion = 6.4;
						TestTargetID = 6A5185631BD07998004B757D;
					};
				};
			};
			buildConfigurationList = 6A51855F1BD07998004B757D /* Build configuration list for PBXProject "test" */;
			compatibilityVersion = "Xcode 3.2";
			developmentRegion = English;
			hasScannedForEncodings = 0;
			knownRegions = (
				en,
				Base,
			);
			mainGroup = 6A51855B1BD07998004B757D;
			productRefGroup = 6A5185651BD07998004B757D /* Products */;
			projectDirPath = "";
			projectRoot = "";
			targets = (
				6A5185631BD07998004B757D /* test */,
				6A5185781BD07998004B757D /* testTests */,
			);
		};
/* End PBXProject section */

/* Begin PBXResourcesBuildPhase section */
		6A5185621BD07998004B757D /* Resources */ = {
			isa = PBXResourcesBuildPhase;
			buildActionMask = 2147483647;
			files = (
				6A51856F1BD07998004B757D /* Main.storyboard in Resources */,
				6A5185741BD07998004B757D /* LaunchScreen.xib in Resources */,
				6A5185711BD07998004B757D /* Images.xcassets in Resources */,
			);
			runOnlyForDeploymentPostprocessing = 0;
		};
		6A5185771BD07998004B757D /* Resources */ = {
			isa = PBXResourcesBuildPhase;
			buildActionMask = 2147483647;
			files = (
			);
			runOnlyForDeploymentPostprocessing = 0;
		};
/* End PBXResourcesBuildPhase section */

/* Begin PBXSourcesBuildPhase section */
		6A5185601BD07998004B757D /* Sources */ = {
			isa = PBXSourcesBuildPhase;
			buildActionMask = 2147483647;
			files = (
				6A51856C1BD07998004B757D /* ViewController.swift in Sources */,
				6A51856A1BD07998004B757D /* AppDelegate.swift in Sources */,
			);
			runOnlyForDeploymentPostprocessing = 0;
		};
		6A5185751BD07998004B757D /* Sources */ = {
			isa = PBXSourcesBuildPhase;
			buildActionMask = 2147483647;
			files = (
				6A5185801BD07998004B757D /* testTests.swift in Sources */,
			);
			runOnlyForDeploymentPostprocessing = 0;
		};
/* End PBXSourcesBuildPhase section */

/* Begin PBXTargetDependency section */
		6A51857B1BD07998004B757D /* PBXTargetDependency */ = {
			isa = PBXTargetDependency;
			target = 6A5185631BD07998004B757D /* test */;
			targetProxy = 6A51857A1BD07998004B757D /* PBXContainerItemProxy */;
		};
/* End PBXTargetDependency section */

/* Begin PBXVariantGroup section */
		6A51856D1BD07998004B757D /* Main.storyboard */ = {
			isa = PBXVariantGroup;
			children = (
				6A51856E1BD07998004B757D /* Base */,
			);
			name = Main.storyboard;
			sourceTree = "<group>";
		};
		6A5185721BD07998004B757D /* LaunchScreen.xib */ = {
			isa = PBXVariantGroup;
			children = (
				6A5185731BD07998004B757D /* Base */,
			);
			name = LaunchScreen.xib;
			sourceTree = "<group>";
		};
/* End PBXVariantGroup section */

/* Begin XCBuildConfiguration section */
		6A5185811BD07998004B757D /* Debug */ = {
			isa = XCBuildConfiguration;
			buildSettings = {
				ALWAYS_SEARCH_USER_PATHS = NO;
				CLANG_CXX_LANGUAGE_STANDARD = "gnu++0x";
				CLANG_CXX_LIBRARY = "libc++";
				CLANG_ENABLE_MODULES = YES;
				CLANG_ENABLE_OBJC_ARC = YES;
				CLANG_WARN_BOOL_CONVERSION = YES;
				CLANG_WARN_CONSTANT_CONVERSION = YES;
				CLANG_WARN_DIRECT_OBJC_ISA_USAGE = YES_ERROR;
				CLANG_WARN_EMPTY_BODY = YES;
				CLANG_WARN_ENUM_CONVERSION = YES;
				CLANG_WARN_INT_CONVERSION = YES;
				CLANG_WARN_OBJC_ROOT_CLASS = YES_ERROR;
				CLANG_WARN_UNREACHABLE_CODE = YES;
				CLANG_WARN__DUPLICATE_METHOD_MATCH = YES;
				"CODE_SIGN_IDENTITY[sdk=iphoneos*]" = "iPhone Developer";
				COPY_PHASE_STRIP = NO;
				DEBUG_INFORMATION_FORMAT = "dwarf-with-dsym";
				ENABLE_STRICT_OBJC_MSGSEND = YES;
				GCC_C_LANGUAGE_STANDARD = gnu99;
				GCC_DYNAMIC_NO_PIC = NO;
				GCC_NO_COMMON_BLOCKS = YES;
				GCC_OPTIMIZATION_LEVEL = 0;
				GCC_PREPROCESSOR_DEFINITIONS = (
					"DEBUG=1",
					"$(inherited)",
				);
				GCC_SYMBOLS_PRIVATE_EXTERN = NO;
				GCC_WARN_64_TO_32_BIT_CONVERSION = YES;
				GCC_WARN_ABOUT_RETURN_TYPE = YES_ERROR;
				GCC_WARN_UNDECLARED_SELECTOR = YES;
				GCC_WARN_UNINITIALIZED_AUTOS = YES_AGGRESSIVE;
				GCC_WARN_UNUSED_FUNCTION = YES;
				GCC_WARN_UNUSED_VARIABLE = YES;
				IPHONEOS_DEPLOYMENT_TARGET = 8.4;
				MTL_ENABLE_DEBUG_INFO = YES;
				ONLY_ACTIVE_ARCH = YES;
				SDKROOT = iphoneos;
				SWIFT_OPTIMIZATION_LEVEL = "-Onone";
				TARGETED_DEVICE_FAMILY = "1,2";
			};
			name = Debug;
		};
		6A5185821BD07998004B757D /* Release */ = {
			isa = XCBuildConfiguration;
			buildSettings = {
				ALWAYS_SEARCH_USER_PATHS = NO;
				CLANG_CXX_LANGUAGE_STANDARD = "gnu++0x";
				CLANG_CXX_LIBRARY = "libc++";
				CLANG_ENABLE_MODULES = YES;
				CLANG_ENABLE_OBJC_ARC = YES;
				CLANG_WARN_BOOL_CONVERSION = YES;
				CLANG_WARN_CONSTANT_CONVERSION = YES;
				CLANG_WARN_DIRECT_OBJC_ISA_USAGE = YES_ERROR;
				CLANG_WARN_EMPTY_BODY = YES;
				CLANG_WARN_ENUM_CONVERSION = YES;
				CLANG_WARN_INT_CONVERSION = YES;
				CLANG_WARN_OBJC_ROOT_CLASS = YES_ERROR;
				CLANG_WARN_UNREACHABLE_CODE = YES;
				CLANG_WARN__DUPLICATE_METHOD_MATCH = YES;
				"CODE_SIGN_IDENTITY[sdk=iphoneos*]" = "iPhone Developer";
				COPY_PHASE_STRIP = NO;
				DEBUG_INFORMATION_FORMAT = "dwarf-with-dsym";
				ENABLE_NS_ASSERTIONS = NO;
				ENABLE_STRICT_OBJC_MSGSEND = YES;
				GCC_C_LANGUAGE_STANDARD = gnu99;
				GCC_NO_COMMON_BLOCKS = YES;
				GCC_WARN_64_TO_32_BIT_CONVERSION = YES;
				GCC_WARN_ABOUT_RETURN_TYPE = YES_ERROR;
				GCC_WARN_UNDECLARED_SELECTOR = YES;
				GCC_WARN_UNINITIALIZED_AUTOS = YES_AGGRESSIVE;
				GCC_WARN_UNUSED_FUNCTION = YES;
				GCC_WARN_UNUSED_VARIABLE = YES;
				IPHONEOS_DEPLOYMENT_TARGET = 8.4;
				MTL_ENABLE_DEBUG_INFO = NO;
				SDKROOT = iphoneos;
				TARGETED_DEVICE_FAMILY = "1,2";
				VALIDATE_PRODUCT = YES;
			};
			name = Release;
		};
		6A5185841BD07998004B757D /* Debug */ = {
			isa = XCBuildConfiguration;
			buildSettings = {
				ASSETCATALOG_COMPILER_APPICON_NAME = AppIcon;
				INFOPLIST_FILE = test/Info.plist;
				LD_RUNPATH_SEARCH_PATHS = "$(inherited) @executable_path/Frameworks";
				PRODUCT_NAME = "$(TARGET_NAME)";
			};
			name = Debug;
		};
		6A5185851BD07998004B757D /* Release */ = {
			isa = XCBuildConfiguration;
			buildSettings = {
				ASSETCATALOG_COMPILER_APPICON_NAME = AppIcon;
				INFOPLIST_FILE = test/Info.plist;
				LD_RUNPATH_SEARCH_PATHS = "$(inherited) @executable_path/Frameworks";
				PRODUCT_NAME = "$(TARGET_NAME)";
			};
			name = Release;
		};
		6A5185871BD07998004B757D /* Debug */ = {
			isa = XCBuildConfiguration;
			buildSettings = {
				BUNDLE_LOADER = "$(TEST_HOST)";
				FRAMEWORK_SEARCH_PATHS = (
					"$(SDKROOT)/Developer/Library/Frameworks",
					"$(inherited)",
				);
				GCC_PREPROCESSOR_DEFINITIONS = (
					"DEBUG=1",
					"$(inherited)",
				);
				INFOPLIST_FILE = testTests/Info.plist;
				LD_RUNPATH_SEARCH_PATHS = "$(inherited) @executable_path/Frameworks @loader_path/Frameworks";
				PRODUCT_NAME = "$(TARGET_NAME)";
				TEST_HOST = "$(BUILT_PRODUCTS_DIR)/test.app/test";
			};
			name = Debug;
		};
		6A5185881BD07998004B757D /* Release */ = {
			isa = XCBuildConfiguration;
			buildSettings = {
				BUNDLE_LOADER = "$(TEST_HOST)";
				FRAMEWORK_SEARCH_PATHS = (
					"$(SDKROOT)/Developer/Library/Frameworks",
					"$(inherited)",
				);
				INFOPLIST_FILE = testTests/Info.plist;
				LD_RUNPATH_SEARCH_PATHS = "$(inherited) @executable_path/Frameworks @loader_path/Frameworks";
				PRODUCT_NAME = "$(TARGET_NAME)";
				TEST_HOST = "$(BUILT_PRODUCTS_DIR)/test.app/test";
			};
			name = Release;
		};
/* End XCBuildConfiguration section */

/* Begin XCConfigurationList section */
		6A51855F1BD07998004B757D /* Build configuration list for PBXProject "test" */ = {
			isa = XCConfigurationList;
			buildConfigurations = (
				6A5185811BD07998004B757D /* Debug */,
				6A5185821BD07998004B757D /* Release */,
			);
			defaultConfigurationIsVisible = 0;
			defaultConfigurationName = Release;
		};
		6A5185831BD07998004B757D /* Build configuration list for PBXNativeTarget "test" */ = {
			isa = XCConfigurationList;
			buildConfigurations = (
				6A5185841BD07998004B757D /* Debug */,
				6A5185851BD07998004B757D /* Release */,
			);
			defaultConfigurationIsVisible = 0;
			defaultConfigurationName = Release;
		};
		6A5185861BD07998004B757D /* Build configuration list for PBXNativeTarget "testTests" */ = {
			isa = XCConfigurationList;
			buildConfigurations = (
				6A5185871BD07998004B757D /* Debug */,
				6A5185881BD07998004B757D /* Release */,
			);
			defaultConfigurationIsVisible = 0;
			defaultConfigurationName = Release;
		};
/* End XCConfigurationList section */
	};
	rootObject = 6A51855C1BD07998004B757D /* Project object */;
}
